
Microsoft Visual Studio Solution File, Format Version 12.00
# Visual Studio Version 17
VisualStudioVersion = 17.8.34309.116
MinimumVisualStudioVersion = 10.0.40219.1
Project("{FAE04EC0-301F-11D3-BF4B-00C04F79EFBC}") = "Smart.DeviceDashboard", "Smart.DeviceDashboard\Smart.DeviceDashboard.csproj", "{B694BAA2-E6C2-46C9-ADB4-415F96076DC4}"
EndProject
Global
	GlobalSection(SolutionConfigurationPlatforms) = preSolution
		Debug|Any CPU = Debug|Any CPU
		Release|Any CPU = Release|Any CPU
	EndGlobalSection
	GlobalSection(ProjectConfigurationPlatforms) = postSolution
		{B694BAA2-E6C2-46C9-ADB4-415F96076DC4}.Debug|Any CPU.ActiveCfg = Debug|Any CPU
		{B694BAA2-E6C2-46C9-ADB4-415F96076DC4}.Debug|Any CPU.Build.0 = Debug|Any CPU
		{B694BAA2-E6C2-46C9-ADB4-415F96076DC4}.Release|Any CPU.ActiveCfg = Release|Any CPU
		{B694BAA2-E6C2-46C9-ADB4-415F96076DC4}.Release|Any CPU.Build.0 = Release|Any CPU
	EndGlobalSection
	GlobalSection(SolutionProperties) = preSolution
		HideSolutionNode = FALSE
	EndGlobalSection
	GlobalSection(ExtensibilityGlobals) = postSolution
		SolutionGuid = {DD33A538-8474-44D3-B446-1C5053697635}
	EndGlobalSection
EndGlobal
